
Microsoft Visual Studio Solution File, Format Version 12.00
# Visual Studio Version 17
VisualStudioVersion = 17.11.35017.193
MinimumVisualStudioVersion = 10.0.40219.1
Project("{9A19103F-16F7-4668-BE54-9A1E7A4F7556}") = "SharpGambit.Generator", "SharpGambit.Generator\SharpGambit.Generator.csproj", "{108B0D1B-9FF5-4D49-9C04-96BF82AD5912}"
EndProject
Project("{9A19103F-16F7-4668-BE54-9A1E7A4F7556}") = "SharpGambit.Base", "SharpGambit.Base\SharpGambit.Base.csproj", "{40D05725-C7C1-4579-96F9-1CA588DCBBCD}"
EndProject
Project("{2150E333-8FDC-42A3-9474-1A3956D46DE8}") = "gambit", "gambit", "{D24822BD-14B3-4F99-ADE1-E27AEB69D098}"
	ProjectSection(SolutionItems) = preProject
		..\CMakeLists.txt = ..\CMakeLists.txt
		..\CMakePresets.json = ..\CMakePresets.json
	EndProjectSection
EndProject
Project("{9A19103F-16F7-4668-BE54-9A1E7A4F7556}") = "SharpGambit.Bindings", "SharpGambit.Bindings\SharpGambit.Bindings.csproj", "{F1CB7C66-AE6D-467A-ABDB-D5D1156FB481}"
EndProject
Project("{9A19103F-16F7-4668-BE54-9A1E7A4F7556}") = "SharpGambit.Tests.Bindings", "..\tests\SharpGambit.Tests.Bindings\SharpGambit.Tests.Bindings.csproj", "{12C2AE74-0760-4379-8989-EB3BE3A49EE8}"
EndProject
Project("{8BC9CEB8-8B4A-11D0-8D11-00A0C91BC942}") = "SharpGambit.Native.Api", "SharpGambit.Native.Api\SharpGambit.Native.Api.vcxproj", "{56AA276E-94F4-4C70-A13B-06DDEE06BF86}"
EndProject
Project("{9A19103F-16F7-4668-BE54-9A1E7A4F7556}") = "SharpGambit.Api", "SharpGambit.Api\SharpGambit.Api.csproj", "{A9AC10B8-43C8-4881-8703-881189731CD2}"
EndProject
Global
	GlobalSection(SolutionConfigurationPlatforms) = preSolution
		Debug|Any CPU = Debug|Any CPU
		Debug|x64 = Debug|x64
		Debug|x86 = Debug|x86
		Release|Any CPU = Release|Any CPU
		Release|x64 = Release|x64
		Release|x86 = Release|x86
	EndGlobalSection
	GlobalSection(ProjectConfigurationPlatforms) = postSolution
		{108B0D1B-9FF5-4D49-9C04-96BF82AD5912}.Debug|Any CPU.ActiveCfg = Debug|Any CPU
		{108B0D1B-9FF5-4D49-9C04-96BF82AD5912}.Debug|Any CPU.Build.0 = Debug|Any CPU
		{108B0D1B-9FF5-4D49-9C04-96BF82AD5912}.Debug|x64.ActiveCfg = Debug|Any CPU
		{108B0D1B-9FF5-4D49-9C04-96BF82AD5912}.Debug|x64.Build.0 = Debug|Any CPU
		{108B0D1B-9FF5-4D49-9C04-96BF82AD5912}.Debug|x86.ActiveCfg = Debug|Any CPU
		{108B0D1B-9FF5-4D49-9C04-96BF82AD5912}.Debug|x86.Build.0 = Debug|Any CPU
		{108B0D1B-9FF5-4D49-9C04-96BF82AD5912}.Release|Any CPU.ActiveCfg = Release|Any CPU
		{108B0D1B-9FF5-4D49-9C04-96BF82AD5912}.Release|Any CPU.Build.0 = Release|Any CPU
		{108B0D1B-9FF5-4D49-9C04-96BF82AD5912}.Release|x64.ActiveCfg = Release|Any CPU
		{108B0D1B-9FF5-4D49-9C04-96BF82AD5912}.Release|x64.Build.0 = Release|Any CPU
		{108B0D1B-9FF5-4D49-9C04-96BF82AD5912}.Release|x86.ActiveCfg = Release|Any CPU
		{108B0D1B-9FF5-4D49-9C04-96BF82AD5912}.Release|x86.Build.0 = Release|Any CPU
		{40D05725-C7C1-4579-96F9-1CA588DCBBCD}.Debug|Any CPU.ActiveCfg = Debug|Any CPU
		{40D05725-C7C1-4579-96F9-1CA588DCBBCD}.Debug|Any CPU.Build.0 = Debug|Any CPU
		{40D05725-C7C1-4579-96F9-1CA588DCBBCD}.Debug|x64.ActiveCfg = Debug|Any CPU
		{40D05725-C7C1-4579-96F9-1CA588DCBBCD}.Debug|x64.Build.0 = Debug|Any CPU
		{40D05725-C7C1-4579-96F9-1CA588DCBBCD}.Debug|x86.ActiveCfg = Debug|Any CPU
		{40D05725-C7C1-4579-96F9-1CA588DCBBCD}.Debug|x86.Build.0 = Debug|Any CPU
		{40D05725-C7C1-4579-96F9-1CA588DCBBCD}.Release|Any CPU.ActiveCfg = Release|Any CPU
		{40D05725-C7C1-4579-96F9-1CA588DCBBCD}.Release|Any CPU.Build.0 = Release|Any CPU
		{40D05725-C7C1-4579-96F9-1CA588DCBBCD}.Release|x64.ActiveCfg = Release|Any CPU
		{40D05725-C7C1-4579-96F9-1CA588DCBBCD}.Release|x64.Build.0 = Release|Any CPU
		{40D05725-C7C1-4579-96F9-1CA588DCBBCD}.Release|x86.ActiveCfg = Release|Any CPU
		{40D05725-C7C1-4579-96F9-1CA588DCBBCD}.Release|x86.Build.0 = Release|Any CPU
		{A0BFF0DB-ED9A-4639-AE86-8E709A1EFC66}.Debug|Any CPU.ActiveCfg = Debug|Any CPU
		{A0BFF0DB-ED9A-4639-AE86-8E709A1EFC66}.Debug|Any CPU.Build.0 = Debug|Any CPU
		{A0BFF0DB-ED9A-4639-AE86-8E709A1EFC66}.Debug|x64.ActiveCfg = Debug|Any CPU
		{A0BFF0DB-ED9A-4639-AE86-8E709A1EFC66}.Debug|x64.Build.0 = Debug|Any CPU
		{A0BFF0DB-ED9A-4639-AE86-8E709A1EFC66}.Debug|x86.ActiveCfg = Debug|Any CPU
		{A0BFF0DB-ED9A-4639-AE86-8E709A1EFC66}.Debug|x86.Build.0 = Debug|Any CPU
		{A0BFF0DB-ED9A-4639-AE86-8E709A1EFC66}.Release|Any CPU.ActiveCfg = Release|Any CPU
		{A0BFF0DB-ED9A-4639-AE86-8E709A1EFC66}.Release|Any CPU.Build.0 = Release|Any CPU
		{A0BFF0DB-ED9A-4639-AE86-8E709A1EFC66}.Release|x64.ActiveCfg = Release|Any CPU
		{A0BFF0DB-ED9A-4639-AE86-8E709A1EFC66}.Release|x64.Build.0 = Release|Any CPU
		{A0BFF0DB-ED9A-4639-AE86-8E709A1EFC66}.Release|x86.ActiveCfg = Release|Any CPU
		{A0BFF0DB-ED9A-4639-AE86-8E709A1EFC66}.Release|x86.Build.0 = Release|Any CPU
		{F1CB7C66-AE6D-467A-ABDB-D5D1156FB481}.Debug|Any CPU.ActiveCfg = Debug|Any CPU
		{F1CB7C66-AE6D-467A-ABDB-D5D1156FB481}.Debug|Any CPU.Build.0 = Debug|Any CPU
		{F1CB7C66-AE6D-467A-ABDB-D5D1156FB481}.Debug|x64.ActiveCfg = Debug|Any CPU
		{F1CB7C66-AE6D-467A-ABDB-D5D1156FB481}.Debug|x64.Build.0 = Debug|Any CPU
		{F1CB7C66-AE6D-467A-ABDB-D5D1156FB481}.Debug|x86.ActiveCfg = Debug|Any CPU
		{F1CB7C66-AE6D-467A-ABDB-D5D1156FB481}.Debug|x86.Build.0 = Debug|Any CPU
		{F1CB7C66-AE6D-467A-ABDB-D5D1156FB481}.Release|Any CPU.ActiveCfg = Release|Any CPU
		{F1CB7C66-AE6D-467A-ABDB-D5D1156FB481}.Release|Any CPU.Build.0 = Release|Any CPU
		{F1CB7C66-AE6D-467A-ABDB-D5D1156FB481}.Release|x64.ActiveCfg = Release|Any CPU
		{F1CB7C66-AE6D-467A-ABDB-D5D1156FB481}.Release|x64.Build.0 = Release|Any CPU
		{F1CB7C66-AE6D-467A-ABDB-D5D1156FB481}.Release|x86.ActiveCfg = Release|Any CPU
		{F1CB7C66-AE6D-467A-ABDB-D5D1156FB481}.Release|x86.Build.0 = Release|Any CPU
		{12C2AE74-0760-4379-8989-EB3BE3A49EE8}.Debug|Any CPU.ActiveCfg = Debug|Any CPU
		{12C2AE74-0760-4379-8989-EB3BE3A49EE8}.Debug|Any CPU.Build.0 = Debug|Any CPU
		{12C2AE74-0760-4379-8989-EB3BE3A49EE8}.Debug|x64.ActiveCfg = Debug|Any CPU
		{12C2AE74-0760-4379-8989-EB3BE3A49EE8}.Debug|x64.Build.0 = Debug|Any CPU
		{12C2AE74-0760-4379-8989-EB3BE3A49EE8}.Debug|x86.ActiveCfg = Debug|Any CPU
		{12C2AE74-0760-4379-8989-EB3BE3A49EE8}.Debug|x86.Build.0 = Debug|Any CPU
		{12C2AE74-0760-4379-8989-EB3BE3A49EE8}.Release|Any CPU.ActiveCfg = Release|Any CPU
		{12C2AE74-0760-4379-8989-EB3BE3A49EE8}.Release|Any CPU.Build.0 = Release|Any CPU
		{12C2AE74-0760-4379-8989-EB3BE3A49EE8}.Release|x64.ActiveCfg = Release|Any CPU
		{12C2AE74-0760-4379-8989-EB3BE3A49EE8}.Release|x64.Build.0 = Release|Any CPU
		{12C2AE74-0760-4379-8989-EB3BE3A49EE8}.Release|x86.ActiveCfg = Release|Any CPU
		{12C2AE74-0760-4379-8989-EB3BE3A49EE8}.Release|x86.Build.0 = Release|Any CPU
		{56AA276E-94F4-4C70-A13B-06DDEE06BF86}.Debug|Any CPU.ActiveCfg = Debug|x64
		{56AA276E-94F4-4C70-A13B-06DDEE06BF86}.Debug|Any CPU.Build.0 = Debug|x64
		{56AA276E-94F4-4C70-A13B-06DDEE06BF86}.Debug|x64.ActiveCfg = Debug|x64
		{56AA276E-94F4-4C70-A13B-06DDEE06BF86}.Debug|x64.Build.0 = Debug|x64
		{56AA276E-94F4-4C70-A13B-06DDEE06BF86}.Debug|x86.ActiveCfg = Debug|Win32
		{56AA276E-94F4-4C70-A13B-06DDEE06BF86}.Debug|x86.Build.0 = Debug|Win32
		{56AA276E-94F4-4C70-A13B-06DDEE06BF86}.Release|Any CPU.ActiveCfg = Release|x64
		{56AA276E-94F4-4C70-A13B-06DDEE06BF86}.Release|Any CPU.Build.0 = Release|x64
		{56AA276E-94F4-4C70-A13B-06DDEE06BF86}.Release|x64.ActiveCfg = Release|x64
		{56AA276E-94F4-4C70-A13B-06DDEE06BF86}.Release|x64.Build.0 = Release|x64
		{56AA276E-94F4-4C70-A13B-06DDEE06BF86}.Release|x86.ActiveCfg = Release|Win32
		{56AA276E-94F4-4C70-A13B-06DDEE06BF86}.Release|x86.Build.0 = Release|Win32
		{A9AC10B8-43C8-4881-8703-881189731CD2}.Debug|Any CPU.ActiveCfg = Debug|Any CPU
		{A9AC10B8-43C8-4881-8703-881189731CD2}.Debug|Any CPU.Build.0 = Debug|Any CPU
		{A9AC10B8-43C8-4881-8703-881189731CD2}.Debug|x64.ActiveCfg = Debug|Any CPU
		{A9AC10B8-43C8-4881-8703-881189731CD2}.Debug|x64.Build.0 = Debug|Any CPU
		{A9AC10B8-43C8-4881-8703-881189731CD2}.Debug|x86.ActiveCfg = Debug|Any CPU
		{A9AC10B8-43C8-4881-8703-881189731CD2}.Debug|x86.Build.0 = Debug|Any CPU
		{A9AC10B8-43C8-4881-8703-881189731CD2}.Release|Any CPU.ActiveCfg = Release|Any CPU
		{A9AC10B8-43C8-4881-8703-881189731CD2}.Release|Any CPU.Build.0 = Release|Any CPU
		{A9AC10B8-43C8-4881-8703-881189731CD2}.Release|x64.ActiveCfg = Release|Any CPU
		{A9AC10B8-43C8-4881-8703-881189731CD2}.Release|x64.Build.0 = Release|Any CPU
		{A9AC10B8-43C8-4881-8703-881189731CD2}.Release|x86.ActiveCfg = Release|Any CPU
		{A9AC10B8-43C8-4881-8703-881189731CD2}.Release|x86.Build.0 = Release|Any CPU
	EndGlobalSection
	GlobalSection(SolutionProperties) = preSolution
		HideSolutionNode = FALSE
	EndGlobalSection
	GlobalSection(ExtensibilityGlobals) = postSolution
		SolutionGuid = {6B2B8D8C-847D-48FE-A8A4-C507BC97F846}
	EndGlobalSection
EndGlobal
